// !$*UTF8*$!
{
	archiveVersion = 1;
	classes = {
	};
	objectVersion = 55;
	objects = {

/* Begin PBXBuildFile section */
		4051DAA1A884EB0F76B15ED4 /* Pods_Flix.framework in Frameworks */ = {isa = PBXBuildFile; fileRef = 2B4F40BBDA1893B87BD303C6 /* Pods_Flix.framework */; };
		5A7BE1C5682CDFAD093550D6 /* Pods_FlixTests.framework in Frameworks */ = {isa = PBXBuildFile; fileRef = 3045F367E35F5AE2CFD946EA /* Pods_FlixTests.framework */; };
		722B328FC2FCF82608618B25 /* Pods_Flix_FlixUITests.framework in Frameworks */ = {isa = PBXBuildFile; fileRef = 33A95368EC29809B8E3A4B26 /* Pods_Flix_FlixUITests.framework */; };
		A15CEB6728D943D500E1831B /* MovieDetailsViewController.swift in Sources */ = {isa = PBXBuildFile; fileRef = A15CEB6628D943D500E1831B /* MovieDetailsViewController.swift */; };
		A15CEB6928D9561100E1831B /* MovieGridViewController.swift in Sources */ = {isa = PBXBuildFile; fileRef = A15CEB6828D9561100E1831B /* MovieGridViewController.swift */; };
		A15CEB6B28D9599000E1831B /* MovieGridCell.swift in Sources */ = {isa = PBXBuildFile; fileRef = A15CEB6A28D9599000E1831B /* MovieGridCell.swift */; };
		A1D3823728CD60480042FAAC /* AppDelegate.swift in Sources */ = {isa = PBXBuildFile; fileRef = A1D3823628CD60480042FAAC /* AppDelegate.swift */; };
		A1D3823928CD60480042FAAC /* SceneDelegate.swift in Sources */ = {isa = PBXBuildFile; fileRef = A1D3823828CD60480042FAAC /* SceneDelegate.swift */; };
		A1D3823B28CD60480042FAAC /* ViewController.swift in Sources */ = {isa = PBXBuildFile; fileRef = A1D3823A28CD60480042FAAC /* ViewController.swift */; };
		A1D3823E28CD60480042FAAC /* Main.storyboard in Resources */ = {isa = PBXBuildFile; fileRef = A1D3823C28CD60480042FAAC /* Main.storyboard */; };
		A1D3824028CD604F0042FAAC /* Assets.xcassets in Resources */ = {isa = PBXBuildFile; fileRef = A1D3823F28CD604F0042FAAC /* Assets.xcassets */; };
		A1D3824328CD604F0042FAAC /* LaunchScreen.storyboard in Resources */ = {isa = PBXBuildFile; fileRef = A1D3824128CD604F0042FAAC /* LaunchScreen.storyboard */; };
		A1D3824E28CD60500042FAAC /* FlixTests.swift in Sources */ = {isa = PBXBuildFile; fileRef = A1D3824D28CD60500042FAAC /* FlixTests.swift */; };
		A1D3825828CD60500042FAAC /* FlixUITests.swift in Sources */ = {isa = PBXBuildFile; fileRef = A1D3825728CD60500042FAAC /* FlixUITests.swift */; };
		A1D3825A28CD60500042FAAC /* FlixUITestsLaunchTests.swift in Sources */ = {isa = PBXBuildFile; fileRef = A1D3825928CD60500042FAAC /* FlixUITestsLaunchTests.swift */; };
		A1D3826728CD75CC0042FAAC /* MoviesViewController.swift in Sources */ = {isa = PBXBuildFile; fileRef = A1D3826628CD75CC0042FAAC /* MoviesViewController.swift */; };
		A1D3826928CD8E720042FAAC /* MovieCell.swift in Sources */ = {isa = PBXBuildFile; fileRef = A1D3826828CD8E720042FAAC /* MovieCell.swift */; };
		A1D3826C28CD95050042FAAC /* AlamofireImage in Frameworks */ = {isa = PBXBuildFile; productRef = A1D3826B28CD95050042FAAC /* AlamofireImage */; };
/* End PBXBuildFile section */

/* Begin PBXContainerItemProxy section */
		A1D3824A28CD60500042FAAC /* PBXContainerItemProxy */ = {
			isa = PBXContainerItemProxy;
			containerPortal = A1D3822B28CD60480042FAAC /* Project object */;
			proxyType = 1;
			remoteGlobalIDString = A1D3823228CD60480042FAAC;
			remoteInfo = Flix;
		};
		A1D3825428CD60500042FAAC /* PBXContainerItemProxy */ = {
			isa = PBXContainerItemProxy;
			containerPortal = A1D3822B28CD60480042FAAC /* Project object */;
			proxyType = 1;
			remoteGlobalIDString = A1D3823228CD60480042FAAC;
			remoteInfo = Flix;
		};
/* End PBXContainerItemProxy section */

/* Begin PBXFileReference section */
		01F100ED092C51125660D060 /* Pods-Flix-FlixUITests.release.xcconfig */ = {isa = PBXFileReference; includeInIndex = 1; lastKnownFileType = text.xcconfig; name = "Pods-Flix-FlixUITests.release.xcconfig"; path = "Target Support Files/Pods-Flix-FlixUITests/Pods-Flix-FlixUITests.release.xcconfig"; sourceTree = "<group>"; };
		199ED79954A2553B03F230DB /* Pods-Flix.debug.xcconfig */ = {isa = PBXFileReference; includeInIndex = 1; lastKnownFileType = text.xcconfig; name = "Pods-Flix.debug.xcconfig"; path = "Target Support Files/Pods-Flix/Pods-Flix.debug.xcconfig"; sourceTree = "<group>"; };
		2B4F40BBDA1893B87BD303C6 /* Pods_Flix.framework */ = {isa = PBXFileReference; explicitFileType = wrapper.framework; includeInIndex = 0; path = Pods_Flix.framework; sourceTree = BUILT_PRODUCTS_DIR; };
		3045F367E35F5AE2CFD946EA /* Pods_FlixTests.framework */ = {isa = PBXFileReference; explicitFileType = wrapper.framework; includeInIndex = 0; path = Pods_FlixTests.framework; sourceTree = BUILT_PRODUCTS_DIR; };
		33A95368EC29809B8E3A4B26 /* Pods_Flix_FlixUITests.framework */ = {isa = PBXFileReference; explicitFileType = wrapper.framework; includeInIndex = 0; path = Pods_Flix_FlixUITests.framework; sourceTree = BUILT_PRODUCTS_DIR; };
		39F8E47FDF60700BE5EF01F3 /* Pods-Flix-FlixUITests.debug.xcconfig */ = {isa = PBXFileReference; includeInIndex = 1; lastKnownFileType = text.xcconfig; name = "Pods-Flix-FlixUITests.debug.xcconfig"; path = "Target Support Files/Pods-Flix-FlixUITests/Pods-Flix-FlixUITests.debug.xcconfig"; sourceTree = "<group>"; };
		5FA4D437DC2BC8387018A758 /* Pods-FlixTests.debug.xcconfig */ = {isa = PBXFileReference; includeInIndex = 1; lastKnownFileType = text.xcconfig; name = "Pods-FlixTests.debug.xcconfig"; path = "Target Support Files/Pods-FlixTests/Pods-FlixTests.debug.xcconfig"; sourceTree = "<group>"; };
		A15CEB6628D943D500E1831B /* MovieDetailsViewController.swift */ = {isa = PBXFileReference; lastKnownFileType = sourcecode.swift; path = MovieDetailsViewController.swift; sourceTree = "<group>"; };
		A15CEB6828D9561100E1831B /* MovieGridViewController.swift */ = {isa = PBXFileReference; lastKnownFileType = sourcecode.swift; path = MovieGridViewController.swift; sourceTree = "<group>"; };
		A15CEB6A28D9599000E1831B /* MovieGridCell.swift */ = {isa = PBXFileReference; lastKnownFileType = sourcecode.swift; path = MovieGridCell.swift; sourceTree = "<group>"; };
		A1D3823328CD60480042FAAC /* Flix.app */ = {isa = PBXFileReference; explicitFileType = wrapper.application; includeInIndex = 0; path = Flix.app; sourceTree = BUILT_PRODUCTS_DIR; };
		A1D3823628CD60480042FAAC /* AppDelegate.swift */ = {isa = PBXFileReference; lastKnownFileType = sourcecode.swift; path = AppDelegate.swift; sourceTree = "<group>"; };
		A1D3823828CD60480042FAAC /* SceneDelegate.swift */ = {isa = PBXFileReference; lastKnownFileType = sourcecode.swift; path = SceneDelegate.swift; sourceTree = "<group>"; };
		A1D3823A28CD60480042FAAC /* ViewController.swift */ = {isa = PBXFileReference; lastKnownFileType = sourcecode.swift; path = ViewController.swift; sourceTree = "<group>"; };
		A1D3823D28CD60480042FAAC /* Base */ = {isa = PBXFileReference; lastKnownFileType = file.storyboard; name = Base; path = Base.lproj/Main.storyboard; sourceTree = "<group>"; };
		A1D3823F28CD604F0042FAAC /* Assets.xcassets */ = {isa = PBXFileReference; lastKnownFileType = folder.assetcatalog; path = Assets.xcassets; sourceTree = "<group>"; };
		A1D3824228CD604F0042FAAC /* Base */ = {isa = PBXFileReference; lastKnownFileType = file.storyboard; name = Base; path = Base.lproj/LaunchScreen.storyboard; sourceTree = "<group>"; };
		A1D3824428CD604F0042FAAC /* Info.plist */ = {isa = PBXFileReference; lastKnownFileType = text.plist.xml; path = Info.plist; sourceTree = "<group>"; };
		A1D3824928CD60500042FAAC /* FlixTests.xctest */ = {isa = PBXFileReference; explicitFileType = wrapper.cfbundle; includeInIndex = 0; path = FlixTests.xctest; sourceTree = BUILT_PRODUCTS_DIR; };
		A1D3824D28CD60500042FAAC /* FlixTests.swift */ = {isa = PBXFileReference; lastKnownFileType = sourcecode.swift; path = FlixTests.swift; sourceTree = "<group>"; };
		A1D3825328CD60500042FAAC /* FlixUITests.xctest */ = {isa = PBXFileReference; explicitFileType = wrapper.cfbundle; includeInIndex = 0; path = FlixUITests.xctest; sourceTree = BUILT_PRODUCTS_DIR; };
		A1D3825728CD60500042FAAC /* FlixUITests.swift */ = {isa = PBXFileReference; lastKnownFileType = sourcecode.swift; path = FlixUITests.swift; sourceTree = "<group>"; };
		A1D3825928CD60500042FAAC /* FlixUITestsLaunchTests.swift */ = {isa = PBXFileReference; lastKnownFileType = sourcecode.swift; path = FlixUITestsLaunchTests.swift; sourceTree = "<group>"; };
		A1D3826628CD75CC0042FAAC /* MoviesViewController.swift */ = {isa = PBXFileReference; lastKnownFileType = sourcecode.swift; path = MoviesViewController.swift; sourceTree = "<group>"; };
		A1D3826828CD8E720042FAAC /* MovieCell.swift */ = {isa = PBXFileReference; lastKnownFileType = sourcecode.swift; path = MovieCell.swift; sourceTree = "<group>"; };
		B3043357BD76F75255F6C58E /* Pods-FlixTests.release.xcconfig */ = {isa = PBXFileReference; includeInIndex = 1; lastKnownFileType = text.xcconfig; name = "Pods-FlixTests.release.xcconfig"; path = "Target Support Files/Pods-FlixTests/Pods-FlixTests.release.xcconfig"; sourceTree = "<group>"; };
		D356820A5D00E37B9956E30C /* Pods-Flix.release.xcconfig */ = {isa = PBXFileReference; includeInIndex = 1; lastKnownFileType = text.xcconfig; name = "Pods-Flix.release.xcconfig"; path = "Target Support Files/Pods-Flix/Pods-Flix.release.xcconfig"; sourceTree = "<group>"; };
/* End PBXFileReference section */

/* Begin PBXFrameworksBuildPhase section */
		A1D3823028CD60480042FAAC /* Frameworks */ = {
			isa = PBXFrameworksBuildPhase;
			buildActionMask = 2147483647;
			files = (
				A1D3826C28CD95050042FAAC /* AlamofireImage in Frameworks */,
				4051DAA1A884EB0F76B15ED4 /* Pods_Flix.framework in Frameworks */,
			);
			runOnlyForDeploymentPostprocessing = 0;
		};
		A1D3824628CD60500042FAAC /* Frameworks */ = {
			isa = PBXFrameworksBuildPhase;
			buildActionMask = 2147483647;
			files = (
				5A7BE1C5682CDFAD093550D6 /* Pods_FlixTests.framework in Frameworks */,
			);
			runOnlyForDeploymentPostprocessing = 0;
		};
		A1D3825028CD60500042FAAC /* Frameworks */ = {
			isa = PBXFrameworksBuildPhase;
			buildActionMask = 2147483647;
			files = (
				722B328FC2FCF82608618B25 /* Pods_Flix_FlixUITests.framework in Frameworks */,
			);
			runOnlyForDeploymentPostprocessing = 0;
		};
/* End PBXFrameworksBuildPhase section */

/* Begin PBXGroup section */
		182B1E722F4DDFBB7B110C25 /* Pods */ = {
			isa = PBXGroup;
			children = (
				199ED79954A2553B03F230DB /* Pods-Flix.debug.xcconfig */,
				D356820A5D00E37B9956E30C /* Pods-Flix.release.xcconfig */,
				39F8E47FDF60700BE5EF01F3 /* Pods-Flix-FlixUITests.debug.xcconfig */,
				01F100ED092C51125660D060 /* Pods-Flix-FlixUITests.release.xcconfig */,
				5FA4D437DC2BC8387018A758 /* Pods-FlixTests.debug.xcconfig */,
				B3043357BD76F75255F6C58E /* Pods-FlixTests.release.xcconfig */,
			);
			path = Pods;
			sourceTree = "<group>";
		};
		A1D3822A28CD60480042FAAC = {
			isa = PBXGroup;
			children = (
				A1D3823528CD60480042FAAC /* Flix */,
				A1D3824C28CD60500042FAAC /* FlixTests */,
				A1D3825628CD60500042FAAC /* FlixUITests */,
				A1D3823428CD60480042FAAC /* Products */,
				182B1E722F4DDFBB7B110C25 /* Pods */,
				A47F099D7AC07CD38C9BD42A /* Frameworks */,
			);
			sourceTree = "<group>";
		};
		A1D3823428CD60480042FAAC /* Products */ = {
			isa = PBXGroup;
			children = (
				A1D3823328CD60480042FAAC /* Flix.app */,
				A1D3824928CD60500042FAAC /* FlixTests.xctest */,
				A1D3825328CD60500042FAAC /* FlixUITests.xctest */,
			);
			name = Products;
			sourceTree = "<group>";
		};
		A1D3823528CD60480042FAAC /* Flix */ = {
			isa = PBXGroup;
			children = (
				A1D3823628CD60480042FAAC /* AppDelegate.swift */,
				A1D3823828CD60480042FAAC /* SceneDelegate.swift */,
				A1D3823A28CD60480042FAAC /* ViewController.swift */,
				A1D3823C28CD60480042FAAC /* Main.storyboard */,
				A1D3823F28CD604F0042FAAC /* Assets.xcassets */,
				A1D3824128CD604F0042FAAC /* LaunchScreen.storyboard */,
				A1D3824428CD604F0042FAAC /* Info.plist */,
				A1D3826628CD75CC0042FAAC /* MoviesViewController.swift */,
				A1D3826828CD8E720042FAAC /* MovieCell.swift */,
				A15CEB6628D943D500E1831B /* MovieDetailsViewController.swift */,
				A15CEB6828D9561100E1831B /* MovieGridViewController.swift */,
				A15CEB6A28D9599000E1831B /* MovieGridCell.swift */,
			);
			path = Flix;
			sourceTree = "<group>";
		};
		A1D3824C28CD60500042FAAC /* FlixTests */ = {
			isa = PBXGroup;
			children = (
				A1D3824D28CD60500042FAAC /* FlixTests.swift */,
			);
			path = FlixTests;
			sourceTree = "<group>";
		};
		A1D3825628CD60500042FAAC /* FlixUITests */ = {
			isa = PBXGroup;
			children = (
				A1D3825728CD60500042FAAC /* FlixUITests.swift */,
				A1D3825928CD60500042FAAC /* FlixUITestsLaunchTests.swift */,
			);
			path = FlixUITests;
			sourceTree = "<group>";
		};
		A47F099D7AC07CD38C9BD42A /* Frameworks */ = {
			isa = PBXGroup;
			children = (
				2B4F40BBDA1893B87BD303C6 /* Pods_Flix.framework */,
				33A95368EC29809B8E3A4B26 /* Pods_Flix_FlixUITests.framework */,
				3045F367E35F5AE2CFD946EA /* Pods_FlixTests.framework */,
			);
			name = Frameworks;
			sourceTree = "<group>";
		};
/* End PBXGroup section */

/* Begin PBXNativeTarget section */
		A1D3823228CD60480042FAAC /* Flix */ = {
			isa = PBXNativeTarget;
			buildConfigurationList = A1D3825D28CD60500042FAAC /* Build configuration list for PBXNativeTarget "Flix" */;
			buildPhases = (
				0546E37F41AF10737A0C8C5C /* [CP] Check Pods Manifest.lock */,
				A1D3822F28CD60480042FAAC /* Sources */,
				A1D3823028CD60480042FAAC /* Frameworks */,
				A1D3823128CD60480042FAAC /* Resources */,
				EDEA49A2B1AE2C4DA11737D7 /* [CP] Embed Pods Frameworks */,
			);
			buildRules = (
			);
			dependencies = (
			);
			name = Flix;
			packageProductDependencies = (
				A1D3826B28CD95050042FAAC /* AlamofireImage */,
			);
			productName = Flix;
			productReference = A1D3823328CD60480042FAAC /* Flix.app */;
			productType = "com.apple.product-type.application";
		};
		A1D3824828CD60500042FAAC /* FlixTests */ = {
			isa = PBXNativeTarget;
			buildConfigurationList = A1D3826028CD60500042FAAC /* Build configuration list for PBXNativeTarget "FlixTests" */;
			buildPhases = (
				6710CBE4567750EA99B0F17A /* [CP] Check Pods Manifest.lock */,
				A1D3824528CD60500042FAAC /* Sources */,
				A1D3824628CD60500042FAAC /* Frameworks */,
				A1D3824728CD60500042FAAC /* Resources */,
			);
			buildRules = (
			);
			dependencies = (
				A1D3824B28CD60500042FAAC /* PBXTargetDependency */,
			);
			name = FlixTests;
			productName = FlixTests;
			productReference = A1D3824928CD60500042FAAC /* FlixTests.xctest */;
			productType = "com.apple.product-type.bundle.unit-test";
		};
		A1D3825228CD60500042FAAC /* FlixUITests */ = {
			isa = PBXNativeTarget;
			buildConfigurationList = A1D3826328CD60500042FAAC /* Build configuration list for PBXNativeTarget "FlixUITests" */;
			buildPhases = (
				06EE2B70ABCF8A6825423C25 /* [CP] Check Pods Manifest.lock */,
				A1D3824F28CD60500042FAAC /* Sources */,
				A1D3825028CD60500042FAAC /* Frameworks */,
				A1D3825128CD60500042FAAC /* Resources */,
				0D64A1E000CBEC19C64E7BEE /* [CP] Embed Pods Frameworks */,
			);
			buildRules = (
			);
			dependencies = (
				A1D3825528CD60500042FAAC /* PBXTargetDependency */,
			);
			name = FlixUITests;
			productName = FlixUITests;
			productReference = A1D3825328CD60500042FAAC /* FlixUITests.xctest */;
			productType = "com.apple.product-type.bundle.ui-testing";
		};
/* End PBXNativeTarget section */

/* Begin PBXProject section */
		A1D3822B28CD60480042FAAC /* Project object */ = {
			isa = PBXProject;
			attributes = {
				BuildIndependentTargetsInParallel = 1;
				LastSwiftUpdateCheck = 1340;
				LastUpgradeCheck = 1340;
				TargetAttributes = {
					A1D3823228CD60480042FAAC = {
						CreatedOnToolsVersion = 13.4.1;
					};
					A1D3824828CD60500042FAAC = {
						CreatedOnToolsVersion = 13.4.1;
						TestTargetID = A1D3823228CD60480042FAAC;
					};
					A1D3825228CD60500042FAAC = {
						CreatedOnToolsVersion = 13.4.1;
						TestTargetID = A1D3823228CD60480042FAAC;
					};
				};
			};
			buildConfigurationList = A1D3822E28CD60480042FAAC /* Build configuration list for PBXProject "Flix" */;
			compatibilityVersion = "Xcode 13.0";
			developmentRegion = en;
			hasScannedForEncodings = 0;
			knownRegions = (
				en,
				Base,
			);
			mainGroup = A1D3822A28CD60480042FAAC;
			packageReferences = (
				A1D3826A28CD95050042FAAC /* XCRemoteSwiftPackageReference "AlamofireImage" */,
			);
			productRefGroup = A1D3823428CD60480042FAAC /* Products */;
			projectDirPath = "";
			projectRoot = "";
			targets = (
				A1D3823228CD60480042FAAC /* Flix */,
				A1D3824828CD60500042FAAC /* FlixTests */,
				A1D3825228CD60500042FAAC /* FlixUITests */,
			);
		};
/* End PBXProject section */

/* Begin PBXResourcesBuildPhase section */
		A1D3823128CD60480042FAAC /* Resources */ = {
			isa = PBXResourcesBuildPhase;
			buildActionMask = 2147483647;
			files = (
				A1D3824328CD604F0042FAAC /* LaunchScreen.storyboard in Resources */,
				A1D3824028CD604F0042FAAC /* Assets.xcassets in Resources */,
				A1D3823E28CD60480042FAAC /* Main.storyboard in Resources */,
			);
			runOnlyForDeploymentPostprocessing = 0;
		};
		A1D3824728CD60500042FAAC /* Resources */ = {
			isa = PBXResourcesBuildPhase;
			buildActionMask = 2147483647;
			files = (
			);
			runOnlyForDeploymentPostprocessing = 0;
		};
		A1D3825128CD60500042FAAC /* Resources */ = {
			isa = PBXResourcesBuildPhase;
			buildActionMask = 2147483647;
			files = (
			);
			runOnlyForDeploymentPostprocessing = 0;
		};
/* End PBXResourcesBuildPhase section */

/* Begin PBXShellScriptBuildPhase section */
		0546E37F41AF10737A0C8C5C /* [CP] Check Pods Manifest.lock */ = {
			isa = PBXShellScriptBuildPhase;
			buildActionMask = 2147483647;
			files = (
			);
			inputFileListPaths = (
			);
			inputPaths = (
				"${PODS_PODFILE_DIR_PATH}/Podfile.lock",
				"${PODS_ROOT}/Manifest.lock",
			);
			name = "[CP] Check Pods Manifest.lock";
			outputFileListPaths = (
			);
			outputPaths = (
				"$(DERIVED_FILE_DIR)/Pods-Flix-checkManifestLockResult.txt",
			);
			runOnlyForDeploymentPostprocessing = 0;
			shellPath = /bin/sh;
			shellScript = "diff \"${PODS_PODFILE_DIR_PATH}/Podfile.lock\" \"${PODS_ROOT}/Manifest.lock\" > /dev/null\nif [ $? != 0 ] ; then\n    # print error to STDERR\n    echo \"error: The sandbox is not in sync with the Podfile.lock. Run 'pod install' or update your CocoaPods installation.\" >&2\n    exit 1\nfi\n# This output is used by Xcode 'outputs' to avoid re-running this script phase.\necho \"SUCCESS\" > \"${SCRIPT_OUTPUT_FILE_0}\"\n";
			showEnvVarsInLog = 0;
		};
		06EE2B70ABCF8A6825423C25 /* [CP] Check Pods Manifest.lock */ = {
			isa = PBXShellScriptBuildPhase;
			buildActionMask = 2147483647;
			files = (
			);
			inputFileListPaths = (
			);
			inputPaths = (
				"${PODS_PODFILE_DIR_PATH}/Podfile.lock",
				"${PODS_ROOT}/Manifest.lock",
			);
			name = "[CP] Check Pods Manifest.lock";
			outputFileListPaths = (
			);
			outputPaths = (
				"$(DERIVED_FILE_DIR)/Pods-Flix-FlixUITests-checkManifestLockResult.txt",
			);
			runOnlyForDeploymentPostprocessing = 0;
			shellPath = /bin/sh;
			shellScript = "diff \"${PODS_PODFILE_DIR_PATH}/Podfile.lock\" \"${PODS_ROOT}/Manifest.lock\" > /dev/null\nif [ $? != 0 ] ; then\n    # print error to STDERR\n    echo \"error: The sandbox is not in sync with the Podfile.lock. Run 'pod install' or update your CocoaPods installation.\" >&2\n    exit 1\nfi\n# This output is used by Xcode 'outputs' to avoid re-running this script phase.\necho \"SUCCESS\" > \"${SCRIPT_OUTPUT_FILE_0}\"\n";
			showEnvVarsInLog = 0;
		};
		0D64A1E000CBEC19C64E7BEE /* [CP] Embed Pods Frameworks */ = {
			isa = PBXShellScriptBuildPhase;
			buildActionMask = 2147483647;
			files = (
			);
			inputFileListPaths = (
				"${PODS_ROOT}/Target Support Files/Pods-Flix-FlixUITests/Pods-Flix-FlixUITests-frameworks-${CONFIGURATION}-input-files.xcfilelist",
			);
			name = "[CP] Embed Pods Frameworks";
			outputFileListPaths = (
				"${PODS_ROOT}/Target Support Files/Pods-Flix-FlixUITests/Pods-Flix-FlixUITests-frameworks-${CONFIGURATION}-output-files.xcfilelist",
			);
			runOnlyForDeploymentPostprocessing = 0;
			shellPath = /bin/sh;
			shellScript = "\"${PODS_ROOT}/Target Support Files/Pods-Flix-FlixUITests/Pods-Flix-FlixUITests-frameworks.sh\"\n";
			showEnvVarsInLog = 0;
		};
		6710CBE4567750EA99B0F17A /* [CP] Check Pods Manifest.lock */ = {
			isa = PBXShellScriptBuildPhase;
			buildActionMask = 2147483647;
			files = (
			);
			inputFileListPaths = (
			);
			inputPaths = (
				"${PODS_PODFILE_DIR_PATH}/Podfile.lock",
				"${PODS_ROOT}/Manifest.lock",
			);
			name = "[CP] Check Pods Manifest.lock";
			outputFileListPaths = (
			);
			outputPaths = (
				"$(DERIVED_FILE_DIR)/Pods-FlixTests-checkManifestLockResult.txt",
			);
			runOnlyForDeploymentPostprocessing = 0;
			shellPath = /bin/sh;
			shellScript = "diff \"${PODS_PODFILE_DIR_PATH}/Podfile.lock\" \"${PODS_ROOT}/Manifest.lock\" > /dev/null\nif [ $? != 0 ] ; then\n    # print error to STDERR\n    echo \"error: The sandbox is not in sync with the Podfile.lock. Run 'pod install' or update your CocoaPods installation.\" >&2\n    exit 1\nfi\n# This output is used by Xcode 'outputs' to avoid re-running this script phase.\necho \"SUCCESS\" > \"${SCRIPT_OUTPUT_FILE_0}\"\n";
			showEnvVarsInLog = 0;
		};
		EDEA49A2B1AE2C4DA11737D7 /* [CP] Embed Pods Frameworks */ = {
			isa = PBXShellScriptBuildPhase;
			buildActionMask = 2147483647;
			files = (
			);
			inputFileListPaths = (
				"${PODS_ROOT}/Target Support Files/Pods-Flix/Pods-Flix-frameworks-${CONFIGURATION}-input-files.xcfilelist",
			);
			name = "[CP] Embed Pods Frameworks";
			outputFileListPaths = (
				"${PODS_ROOT}/Target Support Files/Pods-Flix/Pods-Flix-frameworks-${CONFIGURATION}-output-files.xcfilelist",
			);
			runOnlyForDeploymentPostprocessing = 0;
			shellPath = /bin/sh;
			shellScript = "\"${PODS_ROOT}/Target Support Files/Pods-Flix/Pods-Flix-frameworks.sh\"\n";
			showEnvVarsInLog = 0;
		};
/* End PBXShellScriptBuildPhase section */

/* Begin PBXSourcesBuildPhase section */
		A1D3822F28CD60480042FAAC /* Sources */ = {
			isa = PBXSourcesBuildPhase;
			buildActionMask = 2147483647;
			files = (
				A1D3823B28CD60480042FAAC /* ViewController.swift in Sources */,
				A1D3823728CD60480042FAAC /* AppDelegate.swift in Sources */,
				A15CEB6728D943D500E1831B /* MovieDetailsViewController.swift in Sources */,
				A15CEB6928D9561100E1831B /* MovieGridViewController.swift in Sources */,
				A15CEB6B28D9599000E1831B /* MovieGridCell.swift in Sources */,
				A1D3823928CD60480042FAAC /* SceneDelegate.swift in Sources */,
				A1D3826928CD8E720042FAAC /* MovieCell.swift in Sources */,
				A1D3826728CD75CC0042FAAC /* MoviesViewController.swift in Sources */,
			);
			runOnlyForDeploymentPostprocessing = 0;
		};
		A1D3824528CD60500042FAAC /* Sources */ = {
			isa = PBXSourcesBuildPhase;
			buildActionMask = 2147483647;
			files = (
				A1D3824E28CD60500042FAAC /* FlixTests.swift in Sources */,
			);
			runOnlyForDeploymentPostprocessing = 0;
		};
		A1D3824F28CD60500042FAAC /* Sources */ = {
			isa = PBXSourcesBuildPhase;
			buildActionMask = 2147483647;
			files = (
				A1D3825828CD60500042FAAC /* FlixUITests.swift in Sources */,
				A1D3825A28CD60500042FAAC /* FlixUITestsLaunchTests.swift in Sources */,
			);
			runOnlyForDeploymentPostprocessing = 0;
		};
/* End PBXSourcesBuildPhase section */

/* Begin PBXTargetDependency section */
		A1D3824B28CD60500042FAAC /* PBXTargetDependency */ = {
			isa = PBXTargetDependency;
			target = A1D3823228CD60480042FAAC /* Flix */;
			targetProxy = A1D3824A28CD60500042FAAC /* PBXContainerItemProxy */;
		};
		A1D3825528CD60500042FAAC /* PBXTargetDependency */ = {
			isa = PBXTargetDependency;
			target = A1D3823228CD60480042FAAC /* Flix */;
			targetProxy = A1D3825428CD60500042FAAC /* PBXContainerItemProxy */;
		};
/* End PBXTargetDependency section */

/* Begin PBXVariantGroup section */
		A1D3823C28CD60480042FAAC /* Main.storyboard */ = {
			isa = PBXVariantGroup;
			children = (
				A1D3823D28CD60480042FAAC /* Base */,
			);
			name = Main.storyboard;
			sourceTree = "<group>";
		};
		A1D3824128CD604F0042FAAC /* LaunchScreen.storyboard */ = {
			isa = PBXVariantGroup;
			children = (
				A1D3824228CD604F0042FAAC /* Base */,
			);
			name = LaunchScreen.storyboard;
			sourceTree = "<group>";
		};
/* End PBXVariantGroup section */

/* Begin XCBuildConfiguration section */
		A1D3825B28CD60500042FAAC /* Debug */ = {
			isa = XCBuildConfiguration;
			buildSettings = {
				ALWAYS_SEARCH_USER_PATHS = NO;
				CLANG_ANALYZER_NONNULL = YES;
				CLANG_ANALYZER_NUMBER_OBJECT_CONVERSION = YES_AGGRESSIVE;
				CLANG_CXX_LANGUAGE_STANDARD = "gnu++17";
				CLANG_ENABLE_MODULES = YES;
				CLANG_ENABLE_OBJC_ARC = YES;
				CLANG_ENABLE_OBJC_WEAK = YES;
				CLANG_WARN_BLOCK_CAPTURE_AUTORELEASING = YES;
				CLANG_WARN_BOOL_CONVERSION = YES;
				CLANG_WARN_COMMA = YES;
				CLANG_WARN_CONSTANT_CONVERSION = YES;
				CLANG_WARN_DEPRECATED_OBJC_IMPLEMENTATIONS = YES;
				CLANG_WARN_DIRECT_OBJC_ISA_USAGE = YES_ERROR;
				CLANG_WARN_DOCUMENTATION_COMMENTS = YES;
				CLANG_WARN_EMPTY_BODY = YES;
				CLANG_WARN_ENUM_CONVERSION = YES;
				CLANG_WARN_INFINITE_RECURSION = YES;
				CLANG_WARN_INT_CONVERSION = YES;
				CLANG_WARN_NON_LITERAL_NULL_CONVERSION = YES;
				CLANG_WARN_OBJC_IMPLICIT_RETAIN_SELF = YES;
				CLANG_WARN_OBJC_LITERAL_CONVERSION = YES;
				CLANG_WARN_OBJC_ROOT_CLASS = YES_ERROR;
				CLANG_WARN_QUOTED_INCLUDE_IN_FRAMEWORK_HEADER = YES;
				CLANG_WARN_RANGE_LOOP_ANALYSIS = YES;
				CLANG_WARN_STRICT_PROTOTYPES = YES;
				CLANG_WARN_SUSPICIOUS_MOVE = YES;
				CLANG_WARN_UNGUARDED_AVAILABILITY = YES_AGGRESSIVE;
				CLANG_WARN_UNREACHABLE_CODE = YES;
				CLANG_WARN__DUPLICATE_METHOD_MATCH = YES;
				COPY_PHASE_STRIP = NO;
				DEBUG_INFORMATION_FORMAT = dwarf;
				ENABLE_STRICT_OBJC_MSGSEND = YES;
				ENABLE_TESTABILITY = YES;
				GCC_C_LANGUAGE_STANDARD = gnu11;
				GCC_DYNAMIC_NO_PIC = NO;
				GCC_NO_COMMON_BLOCKS = YES;
				GCC_OPTIMIZATION_LEVEL = 0;
				GCC_PREPROCESSOR_DEFINITIONS = (
					"DEBUG=1",
					"$(inherited)",
				);
				GCC_WARN_64_TO_32_BIT_CONVERSION = YES;
				GCC_WARN_ABOUT_RETURN_TYPE = YES_ERROR;
				GCC_WARN_UNDECLARED_SELECTOR = YES;
				GCC_WARN_UNINITIALIZED_AUTOS = YES_AGGRESSIVE;
				GCC_WARN_UNUSED_FUNCTION = YES;
				GCC_WARN_UNUSED_VARIABLE = YES;
				IPHONEOS_DEPLOYMENT_TARGET = 15.5;
				MTL_ENABLE_DEBUG_INFO = INCLUDE_SOURCE;
				MTL_FAST_MATH = YES;
				ONLY_ACTIVE_ARCH = YES;
				SDKROOT = iphoneos;
				SWIFT_ACTIVE_COMPILATION_CONDITIONS = DEBUG;
				SWIFT_OPTIMIZATION_LEVEL = "-Onone";
			};
			name = Debug;
		};
		A1D3825C28CD60500042FAAC /* Release */ = {
			isa = XCBuildConfiguration;
			buildSettings = {
				ALWAYS_SEARCH_USER_PATHS = NO;
				CLANG_ANALYZER_NONNULL = YES;
				CLANG_ANALYZER_NUMBER_OBJECT_CONVERSION = YES_AGGRESSIVE;
				CLANG_CXX_LANGUAGE_STANDARD = "gnu++17";
				CLANG_ENABLE_MODULES = YES;
				CLANG_ENABLE_OBJC_ARC = YES;
				CLANG_ENABLE_OBJC_WEAK = YES;
				CLANG_WARN_BLOCK_CAPTURE_AUTORELEASING = YES;
				CLANG_WARN_BOOL_CONVERSION = YES;
				CLANG_WARN_COMMA = YES;
				CLANG_WARN_CONSTANT_CONVERSION = YES;
				CLANG_WARN_DEPRECATED_OBJC_IMPLEMENTATIONS = YES;
				CLANG_WARN_DIRECT_OBJC_ISA_USAGE = YES_ERROR;
				CLANG_WARN_DOCUMENTATION_COMMENTS = YES;
				CLANG_WARN_EMPTY_BODY = YES;
				CLANG_WARN_ENUM_CONVERSION = YES;
				CLANG_WARN_INFINITE_RECURSION = YES;
				CLANG_WARN_INT_CONVERSION = YES;
				CLANG_WARN_NON_LITERAL_NULL_CONVERSION = YES;
				CLANG_WARN_OBJC_IMPLICIT_RETAIN_SELF = YES;
				CLANG_WARN_OBJC_LITERAL_CONVERSION = YES;
				CLANG_WARN_OBJC_ROOT_CLASS = YES_ERROR;
				CLANG_WARN_QUOTED_INCLUDE_IN_FRAMEWORK_HEADER = YES;
				CLANG_WARN_RANGE_LOOP_ANALYSIS = YES;
				CLANG_WARN_STRICT_PROTOTYPES = YES;
				CLANG_WARN_SUSPICIOUS_MOVE = YES;
				CLANG_WARN_UNGUARDED_AVAILABILITY = YES_AGGRESSIVE;
				CLANG_WARN_UNREACHABLE_CODE = YES;
				CLANG_WARN__DUPLICATE_METHOD_MATCH = YES;
				COPY_PHASE_STRIP = NO;
				DEBUG_INFORMATION_FORMAT = "dwarf-with-dsym";
				ENABLE_NS_ASSERTIONS = NO;
				ENABLE_STRICT_OBJC_MSGSEND = YES;
				GCC_C_LANGUAGE_STANDARD = gnu11;
				GCC_NO_COMMON_BLOCKS = YES;
				GCC_WARN_64_TO_32_BIT_CONVERSION = YES;
				GCC_WARN_ABOUT_RETURN_TYPE = YES_ERROR;
				GCC_WARN_UNDECLARED_SELECTOR = YES;
				GCC_WARN_UNINITIALIZED_AUTOS = YES_AGGRESSIVE;
				GCC_WARN_UNUSED_FUNCTION = YES;
				GCC_WARN_UNUSED_VARIABLE = YES;
				IPHONEOS_DEPLOYMENT_TARGET = 15.5;
				MTL_ENABLE_DEBUG_INFO = NO;
				MTL_FAST_MATH = YES;
				SDKROOT = iphoneos;
				SWIFT_COMPILATION_MODE = wholemodule;
				SWIFT_OPTIMIZATION_LEVEL = "-O";
				VALIDATE_PRODUCT = YES;
			};
			name = Release;
		};
		A1D3825E28CD60500042FAAC /* Debug */ = {
			isa = XCBuildConfiguration;
			baseConfigurationReference = 199ED79954A2553B03F230DB /* Pods-Flix.debug.xcconfig */;
			buildSettings = {
				ASSETCATALOG_COMPILER_APPICON_NAME = AppIcon;
				ASSETCATALOG_COMPILER_GLOBAL_ACCENT_COLOR_NAME = AccentColor;
				CODE_SIGN_STYLE = Automatic;
				CURRENT_PROJECT_VERSION = 1;
				DEVELOPMENT_TEAM = Q2664PKUDA;
				GENERATE_INFOPLIST_FILE = YES;
				INFOPLIST_FILE = Flix/Info.plist;
				INFOPLIST_KEY_UIApplicationSupportsIndirectInputEvents = YES;
				INFOPLIST_KEY_UILaunchStoryboardName = LaunchScreen;
				INFOPLIST_KEY_UIMainStoryboardFile = Main;
				INFOPLIST_KEY_UISupportedInterfaceOrientations = "UIInterfaceOrientationPortrait UIInterfaceOrientationLandscapeLeft UIInterfaceOrientationLandscapeRight";
				INFOPLIST_KEY_UISupportedInterfaceOrientations_iPad = "UIInterfaceOrientationPortrait UIInterfaceOrientationPortraitUpsideDown UIInterfaceOrientationLandscapeLeft UIInterfaceOrientationLandscapeRight";
				INFOPLIST_KEY_UISupportedInterfaceOrientations_iPhone = "UIInterfaceOrientationPortrait UIInterfaceOrientationLandscapeLeft UIInterfaceOrientationLandscapeRight";
				LD_RUNPATH_SEARCH_PATHS = (
					"$(inherited)",
					"@executable_path/Frameworks",
				);
				MARKETING_VERSION = 1.0;
				PRODUCT_BUNDLE_IDENTIFIER = com.entrprenel.Flix;
				PRODUCT_NAME = "$(TARGET_NAME)";
				SWIFT_EMIT_LOC_STRINGS = YES;
				SWIFT_VERSION = 5.0;
				TARGETED_DEVICE_FAMILY = "1,2";
			};
			name = Debug;
		};
		A1D3825F28CD60500042FAAC /* Release */ = {
			isa = XCBuildConfiguration;
			baseConfigurationReference = D356820A5D00E37B9956E30C /* Pods-Flix.release.xcconfig */;
			buildSettings = {
				ASSETCATALOG_COMPILER_APPICON_NAME = AppIcon;
				ASSETCATALOG_COMPILER_GLOBAL_ACCENT_COLOR_NAME = AccentColor;
				CODE_SIGN_STYLE = Automatic;
				CURRENT_PROJECT_VERSION = 1;
				DEVELOPMENT_TEAM = Q2664PKUDA;
				GENERATE_INFOPLIST_FILE = YES;
				INFOPLIST_FILE = Flix/Info.plist;
				INFOPLIST_KEY_UIApplicationSupportsIndirectInputEvents = YES;
				INFOPLIST_KEY_UILaunchStoryboardName = LaunchScreen;
				INFOPLIST_KEY_UIMainStoryboardFile = Main;
				INFOPLIST_KEY_UISupportedInterfaceOrientations = "UIInterfaceOrientationPortrait UIInterfaceOrientationLandscapeLeft UIInterfaceOrientationLandscapeRight";
				INFOPLIST_KEY_UISupportedInterfaceOrientations_iPad = "UIInterfaceOrientationPortrait UIInterfaceOrientationPortraitUpsideDown UIInterfaceOrientationLandscapeLeft UIInterfaceOrientationLandscapeRight";
				INFOPLIST_KEY_UISupportedInterfaceOrientations_iPhone = "UIInterfaceOrientationPortrait UIInterfaceOrientationLandscapeLeft UIInterfaceOrientationLandscapeRight";
				LD_RUNPATH_SEARCH_PATHS = (
					"$(inherited)",
					"@executable_path/Frameworks",
				);
				MARKETING_VERSION = 1.0;
				PRODUCT_BUNDLE_IDENTIFIER = com.entrprenel.Flix;
				PRODUCT_NAME = "$(TARGET_NAME)";
				SWIFT_EMIT_LOC_STRINGS = YES;
				SWIFT_VERSION = 5.0;
				TARGETED_DEVICE_FAMILY = "1,2";
			};
			name = Release;
		};
		A1D3826128CD60500042FAAC /* Debug */ = {
			isa = XCBuildConfiguration;
			baseConfigurationReference = 5FA4D437DC2BC8387018A758 /* Pods-FlixTests.debug.xcconfig */;
			buildSettings = {
				ALWAYS_EMBED_SWIFT_STANDARD_LIBRARIES = YES;
				BUNDLE_LOADER = "$(TEST_HOST)";
				CODE_SIGN_STYLE = Automatic;
				CURRENT_PROJECT_VERSION = 1;
				DEVELOPMENT_TEAM = Q2664PKUDA;
				GENERATE_INFOPLIST_FILE = YES;
				IPHONEOS_DEPLOYMENT_TARGET = 15.5;
				MARKETING_VERSION = 1.0;
				PRODUCT_BUNDLE_IDENTIFIER = com.enelel777.FlixTests;
				PRODUCT_NAME = "$(TARGET_NAME)";
				SWIFT_EMIT_LOC_STRINGS = NO;
				SWIFT_VERSION = 5.0;
				TARGETED_DEVICE_FAMILY = "1,2";
				TEST_HOST = "$(BUILT_PRODUCTS_DIR)/Flix.app/Flix";
			};
			name = Debug;
		};
		A1D3826228CD60500042FAAC /* Release */ = {
			isa = XCBuildConfiguration;
			baseConfigurationReference = B3043357BD76F75255F6C58E /* Pods-FlixTests.release.xcconfig */;
			buildSettings = {
				ALWAYS_EMBED_SWIFT_STANDARD_LIBRARIES = YES;
				BUNDLE_LOADER = "$(TEST_HOST)";
				CODE_SIGN_STYLE = Automatic;
				CURRENT_PROJECT_VERSION = 1;
				DEVELOPMENT_TEAM = Q2664PKUDA;
				GENERATE_INFOPLIST_FILE = YES;
				IPHONEOS_DEPLOYMENT_TARGET = 15.5;
				MARKETING_VERSION = 1.0;
				PRODUCT_BUNDLE_IDENTIFIER = com.enelel777.FlixTests;
				PRODUCT_NAME = "$(TARGET_NAME)";
				SWIFT_EMIT_LOC_STRINGS = NO;
				SWIFT_VERSION = 5.0;
				TARGETED_DEVICE_FAMILY = "1,2";
				TEST_HOST = "$(BUILT_PRODUCTS_DIR)/Flix.app/Flix";
			};
			name = Release;
		};
		A1D3826428CD60500042FAAC /* Debug */ = {
			isa = XCBuildConfiguration;
			baseConfigurationReference = 39F8E47FDF60700BE5EF01F3 /* Pods-Flix-FlixUITests.debug.xcconfig */;
			buildSettings = {
				ALWAYS_EMBED_SWIFT_STANDARD_LIBRARIES = YES;
				CODE_SIGN_STYLE = Automatic;
				CURRENT_PROJECT_VERSION = 1;
				DEVELOPMENT_TEAM = Q2664PKUDA;
				GENERATE_INFOPLIST_FILE = YES;
				MARKETING_VERSION = 1.0;
				PRODUCT_BUNDLE_IDENTIFIER = com.enelel777.FlixUITests;
				PRODUCT_NAME = "$(TARGET_NAME)";
				SWIFT_EMIT_LOC_STRINGS = NO;
				SWIFT_VERSION = 5.0;
				TARGETED_DEVICE_FAMILY = "1,2";
				TEST_TARGET_NAME = Flix;
			};
			name = Debug;
		};
		A1D3826528CD60500042FAAC /* Release */ = {
			isa = XCBuildConfiguration;
			baseConfigurationReference = 01F100ED092C51125660D060 /* Pods-Flix-FlixUITests.release.xcconfig */;
			buildSettings = {
				ALWAYS_EMBED_SWIFT_STANDARD_LIBRARIES = YES;
				CODE_SIGN_STYLE = Automatic;
				CURRENT_PROJECT_VERSION = 1;
				DEVELOPMENT_TEAM = Q2664PKUDA;
				GENERATE_INFOPLIST_FILE = YES;
				MARKETING_VERSION = 1.0;
				PRODUCT_BUNDLE_IDENTIFIER = com.enelel777.FlixUITests;
				PRODUCT_NAME = "$(TARGET_NAME)";
				SWIFT_EMIT_LOC_STRINGS = NO;
				SWIFT_VERSION = 5.0;
				TARGETED_DEVICE_FAMILY = "1,2";
				TEST_TARGET_NAME = Flix;
			};
			name = Release;
		};
/* End XCBuildConfiguration section */

/* Begin XCConfigurationList section */
		A1D3822E28CD60480042FAAC /* Build configuration list for PBXProject "Flix" */ = {
			isa = XCConfigurationList;
			buildConfigurations = (
				A1D3825B28CD60500042FAAC /* Debug */,
				A1D3825C28CD60500042FAAC /* Release */,
			);
			defaultConfigurationIsVisible = 0;
			defaultConfigurationName = Release;
		};
		A1D3825D28CD60500042FAAC /* Build configuration list for PBXNativeTarget "Flix" */ = {
			isa = XCConfigurationList;
			buildConfigurations = (
				A1D3825E28CD60500042FAAC /* Debug */,
				A1D3825F28CD60500042FAAC /* Release */,
			);
			defaultConfigurationIsVisible = 0;
			defaultConfigurationName = Release;
		};
		A1D3826028CD60500042FAAC /* Build configuration list for PBXNativeTarget "FlixTests" */ = {
			isa = XCConfigurationList;
			buildConfigurations = (
				A1D3826128CD60500042FAAC /* Debug */,
				A1D3826228CD60500042FAAC /* Release */,
			);
			defaultConfigurationIsVisible = 0;
			defaultConfigurationName = Release;
		};
		A1D3826328CD60500042FAAC /* Build configuration list for PBXNativeTarget "FlixUITests" */ = {
			isa = XCConfigurationList;
			buildConfigurations = (
				A1D3826428CD60500042FAAC /* Debug */,
				A1D3826528CD60500042FAAC /* Release */,
			);
			defaultConfigurationIsVisible = 0;
			defaultConfigurationName = Release;
		};
/* End XCConfigurationList section */

/* Begin XCRemoteSwiftPackageReference section */
		A1D3826A28CD95050042FAAC /* XCRemoteSwiftPackageReference "AlamofireImage" */ = {
			isa = XCRemoteSwiftPackageReference;
			repositoryURL = "https://github.com/Alamofire/AlamofireImage";
			requirement = {
				kind = upToNextMajorVersion;
				minimumVersion = 4.0.0;
			};
		};
/* End XCRemoteSwiftPackageReference section */

/* Begin XCSwiftPackageProductDependency section */
		A1D3826B28CD95050042FAAC /* AlamofireImage */ = {
			isa = XCSwiftPackageProductDependency;
			package = A1D3826A28CD95050042FAAC /* XCRemoteSwiftPackageReference "AlamofireImage" */;
			productName = AlamofireImage;
		};
/* End XCSwiftPackageProductDependency section */
	};
	rootObject = A1D3822B28CD60480042FAAC /* Project object */;
}
